
Microsoft Visual Studio Solution File, Format Version 12.00
# Visual Studio Version 16
VisualStudioVersion = 16.0.29905.134
MinimumVisualStudioVersion = 10.0.40219.1
Project("{888888A0-9F3D-457C-B088-3A5042F75D52}") = "Lab10.Zad6", "Lab10.Zad6\Lab10.Zad6.pyproj", "{F69B0985-7EEC-409E-BBC9-08BC01E98CD6}"
EndProject
Global
	GlobalSection(SolutionConfigurationPlatforms) = preSolution
		Debug|Any CPU = Debug|Any CPU
		Release|Any CPU = Release|Any CPU
	EndGlobalSection
	GlobalSection(ProjectConfigurationPlatforms) = postSolution
		{F69B0985-7EEC-409E-BBC9-08BC01E98CD6}.Debug|Any CPU.ActiveCfg = Debug|Any CPU
		{F69B0985-7EEC-409E-BBC9-08BC01E98CD6}.Release|Any CPU.ActiveCfg = Release|Any CPU
	EndGlobalSection
	GlobalSection(SolutionProperties) = preSolution
		HideSolutionNode = FALSE
	EndGlobalSection
	GlobalSection(ExtensibilityGlobals) = postSolution
		SolutionGuid = {F6822D47-D1AB-4EDA-AA25-0C3DBE769DD6}
	EndGlobalSection
EndGlobal
