
Microsoft Visual Studio Solution File, Format Version 12.00
# Visual Studio Version 16
VisualStudioVersion = 16.0.29905.134
MinimumVisualStudioVersion = 10.0.40219.1
Project("{888888A0-9F3D-457C-B088-3A5042F75D52}") = "Lab9.Zad2", "Lab9.Zad2\Lab9.Zad2.pyproj", "{D932A660-6C53-4B60-B65E-1E9B72EE8A4C}"
EndProject
Global
	GlobalSection(SolutionConfigurationPlatforms) = preSolution
		Debug|Any CPU = Debug|Any CPU
		Release|Any CPU = Release|Any CPU
	EndGlobalSection
	GlobalSection(ProjectConfigurationPlatforms) = postSolution
		{D932A660-6C53-4B60-B65E-1E9B72EE8A4C}.Debug|Any CPU.ActiveCfg = Debug|Any CPU
		{D932A660-6C53-4B60-B65E-1E9B72EE8A4C}.Release|Any CPU.ActiveCfg = Release|Any CPU
	EndGlobalSection
	GlobalSection(SolutionProperties) = preSolution
		HideSolutionNode = FALSE
	EndGlobalSection
	GlobalSection(ExtensibilityGlobals) = postSolution
		SolutionGuid = {B91C9A5E-BF23-4B26-BAF8-3BE4F3BA1715}
	EndGlobalSection
EndGlobal
