
Microsoft Visual Studio Solution File, Format Version 12.00
# Visual Studio 15
VisualStudioVersion = 15.0.28010.2046
MinimumVisualStudioVersion = 10.0.40219.1
Project("{888888A0-9F3D-457C-B088-3A5042F75D52}") = "Zadanie 6", "Zadanie 6\Zadanie 6.pyproj", "{42598EBA-48B9-4477-B70F-6DBEC4CCDC97}"
EndProject
Global
	GlobalSection(SolutionConfigurationPlatforms) = preSolution
		Debug|Any CPU = Debug|Any CPU
		Release|Any CPU = Release|Any CPU
	EndGlobalSection
	GlobalSection(ProjectConfigurationPlatforms) = postSolution
		{42598EBA-48B9-4477-B70F-6DBEC4CCDC97}.Debug|Any CPU.ActiveCfg = Debug|Any CPU
		{42598EBA-48B9-4477-B70F-6DBEC4CCDC97}.Release|Any CPU.ActiveCfg = Release|Any CPU
	EndGlobalSection
	GlobalSection(SolutionProperties) = preSolution
		HideSolutionNode = FALSE
	EndGlobalSection
	GlobalSection(ExtensibilityGlobals) = postSolution
		SolutionGuid = {6C7655AC-6F89-4F4D-850B-2012FBB13179}
	EndGlobalSection
EndGlobal
