
Microsoft Visual Studio Solution File, Format Version 12.00
# Visual Studio 15
VisualStudioVersion = 15.0.28010.2046
MinimumVisualStudioVersion = 10.0.40219.1
Project("{888888A0-9F3D-457C-B088-3A5042F75D52}") = "Zadanie 5", "Zadanie 5\Zadanie 5.pyproj", "{E19A7008-DD5A-4FDC-A8AA-ABAE52DE8040}"
EndProject
Global
	GlobalSection(SolutionConfigurationPlatforms) = preSolution
		Debug|Any CPU = Debug|Any CPU
		Release|Any CPU = Release|Any CPU
	EndGlobalSection
	GlobalSection(ProjectConfigurationPlatforms) = postSolution
		{E19A7008-DD5A-4FDC-A8AA-ABAE52DE8040}.Debug|Any CPU.ActiveCfg = Debug|Any CPU
		{E19A7008-DD5A-4FDC-A8AA-ABAE52DE8040}.Release|Any CPU.ActiveCfg = Release|Any CPU
	EndGlobalSection
	GlobalSection(SolutionProperties) = preSolution
		HideSolutionNode = FALSE
	EndGlobalSection
	GlobalSection(ExtensibilityGlobals) = postSolution
		SolutionGuid = {8F60AFAF-AA71-40C5-A62B-18238C9540D2}
	EndGlobalSection
EndGlobal
