
Microsoft Visual Studio Solution File, Format Version 12.00
# Visual Studio Version 16
VisualStudioVersion = 16.0.29905.134
MinimumVisualStudioVersion = 10.0.40219.1
Project("{888888A0-9F3D-457C-B088-3A5042F75D52}") = "Lab8.Zad1", "Lab8.Zad1\Lab8.Zad1.pyproj", "{5842A1E2-F66D-4A83-B6A3-3F088CB9D808}"
EndProject
Global
	GlobalSection(SolutionConfigurationPlatforms) = preSolution
		Debug|Any CPU = Debug|Any CPU
		Release|Any CPU = Release|Any CPU
	EndGlobalSection
	GlobalSection(ProjectConfigurationPlatforms) = postSolution
		{5842A1E2-F66D-4A83-B6A3-3F088CB9D808}.Debug|Any CPU.ActiveCfg = Debug|Any CPU
		{5842A1E2-F66D-4A83-B6A3-3F088CB9D808}.Release|Any CPU.ActiveCfg = Release|Any CPU
	EndGlobalSection
	GlobalSection(SolutionProperties) = preSolution
		HideSolutionNode = FALSE
	EndGlobalSection
	GlobalSection(ExtensibilityGlobals) = postSolution
		SolutionGuid = {B36E3ECC-DF90-47F8-B934-5BC4FED5E74D}
	EndGlobalSection
EndGlobal
