
Microsoft Visual Studio Solution File, Format Version 12.00
# Visual Studio Version 16
VisualStudioVersion = 16.0.29905.134
MinimumVisualStudioVersion = 10.0.40219.1
Project("{888888A0-9F3D-457C-B088-3A5042F75D52}") = "Lab7.Zad8", "Lab7.Zad8\Lab7.Zad8.pyproj", "{5CB1F4F5-07DA-4998-AD28-323A44E2FFE9}"
EndProject
Global
	GlobalSection(SolutionConfigurationPlatforms) = preSolution
		Debug|Any CPU = Debug|Any CPU
		Release|Any CPU = Release|Any CPU
	EndGlobalSection
	GlobalSection(ProjectConfigurationPlatforms) = postSolution
		{5CB1F4F5-07DA-4998-AD28-323A44E2FFE9}.Debug|Any CPU.ActiveCfg = Debug|Any CPU
		{5CB1F4F5-07DA-4998-AD28-323A44E2FFE9}.Release|Any CPU.ActiveCfg = Release|Any CPU
	EndGlobalSection
	GlobalSection(SolutionProperties) = preSolution
		HideSolutionNode = FALSE
	EndGlobalSection
	GlobalSection(ExtensibilityGlobals) = postSolution
		SolutionGuid = {6F700E98-1005-412E-BC3E-B83BB6DCCFED}
	EndGlobalSection
EndGlobal
