
Microsoft Visual Studio Solution File, Format Version 12.00
# Visual Studio Version 16
VisualStudioVersion = 16.0.29905.134
MinimumVisualStudioVersion = 10.0.40219.1
Project("{888888A0-9F3D-457C-B088-3A5042F75D52}") = "Lab7.Zad9", "Lab7.Zad9\Lab7.Zad9.pyproj", "{61C87991-7A67-4710-8484-416635D5B191}"
EndProject
Global
	GlobalSection(SolutionConfigurationPlatforms) = preSolution
		Debug|Any CPU = Debug|Any CPU
		Release|Any CPU = Release|Any CPU
	EndGlobalSection
	GlobalSection(ProjectConfigurationPlatforms) = postSolution
		{61C87991-7A67-4710-8484-416635D5B191}.Debug|Any CPU.ActiveCfg = Debug|Any CPU
		{61C87991-7A67-4710-8484-416635D5B191}.Release|Any CPU.ActiveCfg = Release|Any CPU
	EndGlobalSection
	GlobalSection(SolutionProperties) = preSolution
		HideSolutionNode = FALSE
	EndGlobalSection
	GlobalSection(ExtensibilityGlobals) = postSolution
		SolutionGuid = {C90CD9C3-59E5-421C-A40D-D522D1159BE8}
	EndGlobalSection
EndGlobal
