
Microsoft Visual Studio Solution File, Format Version 12.00
# Visual Studio 15
VisualStudioVersion = 15.0.28010.2046
MinimumVisualStudioVersion = 10.0.40219.1
Project("{888888A0-9F3D-457C-B088-3A5042F75D52}") = "Zadanie 1", "Zadanie 1\Zadanie 1.pyproj", "{EE1C8F15-49D8-49E2-91E9-60DDAB03BE2D}"
EndProject
Global
	GlobalSection(SolutionConfigurationPlatforms) = preSolution
		Debug|Any CPU = Debug|Any CPU
		Release|Any CPU = Release|Any CPU
	EndGlobalSection
	GlobalSection(ProjectConfigurationPlatforms) = postSolution
		{EE1C8F15-49D8-49E2-91E9-60DDAB03BE2D}.Debug|Any CPU.ActiveCfg = Debug|Any CPU
		{EE1C8F15-49D8-49E2-91E9-60DDAB03BE2D}.Release|Any CPU.ActiveCfg = Release|Any CPU
	EndGlobalSection
	GlobalSection(SolutionProperties) = preSolution
		HideSolutionNode = FALSE
	EndGlobalSection
	GlobalSection(ExtensibilityGlobals) = postSolution
		SolutionGuid = {D45CA041-CA87-4C0B-AE56-7A3540104D76}
	EndGlobalSection
EndGlobal
