
Microsoft Visual Studio Solution File, Format Version 12.00
# Visual Studio Version 16
VisualStudioVersion = 16.0.29905.134
MinimumVisualStudioVersion = 10.0.40219.1
Project("{888888A0-9F3D-457C-B088-3A5042F75D52}") = "Lab7.Zad10", "Lab7.Zad10\Lab7.Zad10.pyproj", "{AB542C27-D1C8-4F47-99ED-E60E0E0FDCE8}"
EndProject
Global
	GlobalSection(SolutionConfigurationPlatforms) = preSolution
		Debug|Any CPU = Debug|Any CPU
		Release|Any CPU = Release|Any CPU
	EndGlobalSection
	GlobalSection(ProjectConfigurationPlatforms) = postSolution
		{AB542C27-D1C8-4F47-99ED-E60E0E0FDCE8}.Debug|Any CPU.ActiveCfg = Debug|Any CPU
		{AB542C27-D1C8-4F47-99ED-E60E0E0FDCE8}.Release|Any CPU.ActiveCfg = Release|Any CPU
	EndGlobalSection
	GlobalSection(SolutionProperties) = preSolution
		HideSolutionNode = FALSE
	EndGlobalSection
	GlobalSection(ExtensibilityGlobals) = postSolution
		SolutionGuid = {FD71A1D6-1ED7-42F8-9188-67A260871288}
	EndGlobalSection
EndGlobal
