
Microsoft Visual Studio Solution File, Format Version 12.00
# Visual Studio Version 16
VisualStudioVersion = 16.0.29905.134
MinimumVisualStudioVersion = 10.0.40219.1
Project("{888888A0-9F3D-457C-B088-3A5042F75D52}") = "Lab5.Zad5", "Lab5.Zad5\Lab5.Zad5.pyproj", "{E2587C00-2E9A-47D2-A876-428E4D0E3CFF}"
EndProject
Global
	GlobalSection(SolutionConfigurationPlatforms) = preSolution
		Debug|Any CPU = Debug|Any CPU
		Release|Any CPU = Release|Any CPU
	EndGlobalSection
	GlobalSection(ProjectConfigurationPlatforms) = postSolution
		{E2587C00-2E9A-47D2-A876-428E4D0E3CFF}.Debug|Any CPU.ActiveCfg = Debug|Any CPU
		{E2587C00-2E9A-47D2-A876-428E4D0E3CFF}.Release|Any CPU.ActiveCfg = Release|Any CPU
	EndGlobalSection
	GlobalSection(SolutionProperties) = preSolution
		HideSolutionNode = FALSE
	EndGlobalSection
	GlobalSection(ExtensibilityGlobals) = postSolution
		SolutionGuid = {A11B5728-471A-4C52-97CD-D456139D4DB5}
	EndGlobalSection
EndGlobal
