
Microsoft Visual Studio Solution File, Format Version 12.00
# Visual Studio Version 16
VisualStudioVersion = 16.0.29905.134
MinimumVisualStudioVersion = 10.0.40219.1
Project("{888888A0-9F3D-457C-B088-3A5042F75D52}") = "Lab6.Zad1", "Lab6.Zad1\Lab6.Zad1.pyproj", "{36278D95-A409-4E33-AB7D-0850AD59294E}"
EndProject
Global
	GlobalSection(SolutionConfigurationPlatforms) = preSolution
		Debug|Any CPU = Debug|Any CPU
		Release|Any CPU = Release|Any CPU
	EndGlobalSection
	GlobalSection(ProjectConfigurationPlatforms) = postSolution
		{36278D95-A409-4E33-AB7D-0850AD59294E}.Debug|Any CPU.ActiveCfg = Debug|Any CPU
		{36278D95-A409-4E33-AB7D-0850AD59294E}.Release|Any CPU.ActiveCfg = Release|Any CPU
	EndGlobalSection
	GlobalSection(SolutionProperties) = preSolution
		HideSolutionNode = FALSE
	EndGlobalSection
	GlobalSection(ExtensibilityGlobals) = postSolution
		SolutionGuid = {0CF0B8CE-F09C-4E8D-94F2-3B5A6E44FFD5}
	EndGlobalSection
EndGlobal
