
Microsoft Visual Studio Solution File, Format Version 12.00
# Visual Studio Version 16
VisualStudioVersion = 16.0.29905.134
MinimumVisualStudioVersion = 10.0.40219.1
Project("{888888A0-9F3D-457C-B088-3A5042F75D52}") = "Lab4Zad7", "Lab4Zad7\Lab4Zad7.pyproj", "{F1E5A769-5D38-430A-AF77-ABC8A00691B5}"
EndProject
Global
	GlobalSection(SolutionConfigurationPlatforms) = preSolution
		Debug|Any CPU = Debug|Any CPU
		Release|Any CPU = Release|Any CPU
	EndGlobalSection
	GlobalSection(ProjectConfigurationPlatforms) = postSolution
		{F1E5A769-5D38-430A-AF77-ABC8A00691B5}.Debug|Any CPU.ActiveCfg = Debug|Any CPU
		{F1E5A769-5D38-430A-AF77-ABC8A00691B5}.Release|Any CPU.ActiveCfg = Release|Any CPU
	EndGlobalSection
	GlobalSection(SolutionProperties) = preSolution
		HideSolutionNode = FALSE
	EndGlobalSection
	GlobalSection(ExtensibilityGlobals) = postSolution
		SolutionGuid = {20971C71-5FB0-4CDA-B939-9C764E67CF70}
	EndGlobalSection
EndGlobal
