
Microsoft Visual Studio Solution File, Format Version 12.00
# Visual Studio Version 16
VisualStudioVersion = 16.0.29905.134
MinimumVisualStudioVersion = 10.0.40219.1
Project("{888888A0-9F3D-457C-B088-3A5042F75D52}") = "Lab7.Zad1", "Lab7.Zad1\Lab7.Zad1.pyproj", "{31F8C2C4-6CC6-4A43-81FA-B3E20AF76E15}"
EndProject
Global
	GlobalSection(SolutionConfigurationPlatforms) = preSolution
		Debug|Any CPU = Debug|Any CPU
		Release|Any CPU = Release|Any CPU
	EndGlobalSection
	GlobalSection(ProjectConfigurationPlatforms) = postSolution
		{31F8C2C4-6CC6-4A43-81FA-B3E20AF76E15}.Debug|Any CPU.ActiveCfg = Debug|Any CPU
		{31F8C2C4-6CC6-4A43-81FA-B3E20AF76E15}.Release|Any CPU.ActiveCfg = Release|Any CPU
	EndGlobalSection
	GlobalSection(SolutionProperties) = preSolution
		HideSolutionNode = FALSE
	EndGlobalSection
	GlobalSection(ExtensibilityGlobals) = postSolution
		SolutionGuid = {A797B965-9D11-4DDE-ADF4-3CFA25CE19DE}
	EndGlobalSection
EndGlobal
