
Microsoft Visual Studio Solution File, Format Version 12.00
# Visual Studio Version 16
VisualStudioVersion = 16.0.29905.134
MinimumVisualStudioVersion = 10.0.40219.1
Project("{888888A0-9F3D-457C-B088-3A5042F75D52}") = "Lab5.Zad11", "Lab5.Zad11\Lab5.Zad11.pyproj", "{600AA441-D1B8-45C3-AF25-33E11E765205}"
EndProject
Global
	GlobalSection(SolutionConfigurationPlatforms) = preSolution
		Debug|Any CPU = Debug|Any CPU
		Release|Any CPU = Release|Any CPU
	EndGlobalSection
	GlobalSection(ProjectConfigurationPlatforms) = postSolution
		{600AA441-D1B8-45C3-AF25-33E11E765205}.Debug|Any CPU.ActiveCfg = Debug|Any CPU
		{600AA441-D1B8-45C3-AF25-33E11E765205}.Release|Any CPU.ActiveCfg = Release|Any CPU
	EndGlobalSection
	GlobalSection(SolutionProperties) = preSolution
		HideSolutionNode = FALSE
	EndGlobalSection
	GlobalSection(ExtensibilityGlobals) = postSolution
		SolutionGuid = {A87C8377-3FFA-4DCA-8832-4134661CD19F}
	EndGlobalSection
EndGlobal
