
Microsoft Visual Studio Solution File, Format Version 12.00
# Visual Studio Version 16
VisualStudioVersion = 16.0.29905.134
MinimumVisualStudioVersion = 10.0.40219.1
Project("{888888A0-9F3D-457C-B088-3A5042F75D52}") = "Lab7.Zad6", "Lab7.Zad6\Lab7.Zad6.pyproj", "{929700C4-2800-48BF-8396-8DBC941E6171}"
EndProject
Global
	GlobalSection(SolutionConfigurationPlatforms) = preSolution
		Debug|Any CPU = Debug|Any CPU
		Release|Any CPU = Release|Any CPU
	EndGlobalSection
	GlobalSection(ProjectConfigurationPlatforms) = postSolution
		{929700C4-2800-48BF-8396-8DBC941E6171}.Debug|Any CPU.ActiveCfg = Debug|Any CPU
		{929700C4-2800-48BF-8396-8DBC941E6171}.Release|Any CPU.ActiveCfg = Release|Any CPU
	EndGlobalSection
	GlobalSection(SolutionProperties) = preSolution
		HideSolutionNode = FALSE
	EndGlobalSection
	GlobalSection(ExtensibilityGlobals) = postSolution
		SolutionGuid = {6D532758-AE8A-4FCA-BC69-B723919DB80C}
	EndGlobalSection
EndGlobal
