
Microsoft Visual Studio Solution File, Format Version 12.00
# Visual Studio 15
VisualStudioVersion = 15.0.28010.2046
MinimumVisualStudioVersion = 10.0.40219.1
Project("{888888A0-9F3D-457C-B088-3A5042F75D52}") = "Zadanie 2", "Zadanie 2\Zadanie 2.pyproj", "{0865F948-D69E-42D1-9B8A-1665DA827DC2}"
EndProject
Global
	GlobalSection(SolutionConfigurationPlatforms) = preSolution
		Debug|Any CPU = Debug|Any CPU
		Release|Any CPU = Release|Any CPU
	EndGlobalSection
	GlobalSection(ProjectConfigurationPlatforms) = postSolution
		{0865F948-D69E-42D1-9B8A-1665DA827DC2}.Debug|Any CPU.ActiveCfg = Debug|Any CPU
		{0865F948-D69E-42D1-9B8A-1665DA827DC2}.Release|Any CPU.ActiveCfg = Release|Any CPU
	EndGlobalSection
	GlobalSection(SolutionProperties) = preSolution
		HideSolutionNode = FALSE
	EndGlobalSection
	GlobalSection(ExtensibilityGlobals) = postSolution
		SolutionGuid = {BCC0ED19-4706-48B0-B8AA-9B279F101CA4}
	EndGlobalSection
EndGlobal
