
Microsoft Visual Studio Solution File, Format Version 12.00
# Visual Studio Version 16
VisualStudioVersion = 16.0.29905.134
MinimumVisualStudioVersion = 10.0.40219.1
Project("{888888A0-9F3D-457C-B088-3A5042F75D52}") = "Lab6.Zad7", "Lab6.Zad7\Lab6.Zad7.pyproj", "{16F3712B-C946-4418-9C07-DFB7460C0F14}"
EndProject
Global
	GlobalSection(SolutionConfigurationPlatforms) = preSolution
		Debug|Any CPU = Debug|Any CPU
		Release|Any CPU = Release|Any CPU
	EndGlobalSection
	GlobalSection(ProjectConfigurationPlatforms) = postSolution
		{16F3712B-C946-4418-9C07-DFB7460C0F14}.Debug|Any CPU.ActiveCfg = Debug|Any CPU
		{16F3712B-C946-4418-9C07-DFB7460C0F14}.Release|Any CPU.ActiveCfg = Release|Any CPU
	EndGlobalSection
	GlobalSection(SolutionProperties) = preSolution
		HideSolutionNode = FALSE
	EndGlobalSection
	GlobalSection(ExtensibilityGlobals) = postSolution
		SolutionGuid = {B5AD831A-7DE5-4C28-B5BD-FDF280599B6C}
	EndGlobalSection
EndGlobal
