
Microsoft Visual Studio Solution File, Format Version 12.00
# Visual Studio Version 16
VisualStudioVersion = 16.0.29905.134
MinimumVisualStudioVersion = 10.0.40219.1
Project("{888888A0-9F3D-457C-B088-3A5042F75D52}") = "Lab10.Zad1", "Lab10.Zad1\Lab10.Zad1.pyproj", "{84BC3AE2-4487-43BC-92A5-6B256DFAC83B}"
EndProject
Global
	GlobalSection(SolutionConfigurationPlatforms) = preSolution
		Debug|Any CPU = Debug|Any CPU
		Release|Any CPU = Release|Any CPU
	EndGlobalSection
	GlobalSection(ProjectConfigurationPlatforms) = postSolution
		{84BC3AE2-4487-43BC-92A5-6B256DFAC83B}.Debug|Any CPU.ActiveCfg = Debug|Any CPU
		{84BC3AE2-4487-43BC-92A5-6B256DFAC83B}.Release|Any CPU.ActiveCfg = Release|Any CPU
	EndGlobalSection
	GlobalSection(SolutionProperties) = preSolution
		HideSolutionNode = FALSE
	EndGlobalSection
	GlobalSection(ExtensibilityGlobals) = postSolution
		SolutionGuid = {6B2A2250-D18F-4C79-8D7F-DA33EE3C92AA}
	EndGlobalSection
EndGlobal
