
Microsoft Visual Studio Solution File, Format Version 12.00
# Visual Studio 15
VisualStudioVersion = 15.0.28010.2046
MinimumVisualStudioVersion = 10.0.40219.1
Project("{888888A0-9F3D-457C-B088-3A5042F75D52}") = "Zadanie4", "Zadanie4\Zadanie4.pyproj", "{DD53F3C3-6FB4-4C1A-848E-380318D6AFCE}"
EndProject
Global
	GlobalSection(SolutionConfigurationPlatforms) = preSolution
		Debug|Any CPU = Debug|Any CPU
		Release|Any CPU = Release|Any CPU
	EndGlobalSection
	GlobalSection(ProjectConfigurationPlatforms) = postSolution
		{DD53F3C3-6FB4-4C1A-848E-380318D6AFCE}.Debug|Any CPU.ActiveCfg = Debug|Any CPU
		{DD53F3C3-6FB4-4C1A-848E-380318D6AFCE}.Release|Any CPU.ActiveCfg = Release|Any CPU
	EndGlobalSection
	GlobalSection(SolutionProperties) = preSolution
		HideSolutionNode = FALSE
	EndGlobalSection
	GlobalSection(ExtensibilityGlobals) = postSolution
		SolutionGuid = {FB3F4314-7C46-45FE-A1D3-76D22DD5E161}
	EndGlobalSection
EndGlobal
