
Microsoft Visual Studio Solution File, Format Version 12.00
# Visual Studio Version 16
VisualStudioVersion = 16.0.29905.134
MinimumVisualStudioVersion = 10.0.40219.1
Project("{888888A0-9F3D-457C-B088-3A5042F75D52}") = "Lab6.Zad5", "Lab6.Zad5\Lab6.Zad5.pyproj", "{57893CF9-8D2A-4665-A745-8FE351560C7E}"
EndProject
Global
	GlobalSection(SolutionConfigurationPlatforms) = preSolution
		Debug|Any CPU = Debug|Any CPU
		Release|Any CPU = Release|Any CPU
	EndGlobalSection
	GlobalSection(ProjectConfigurationPlatforms) = postSolution
		{57893CF9-8D2A-4665-A745-8FE351560C7E}.Debug|Any CPU.ActiveCfg = Debug|Any CPU
		{57893CF9-8D2A-4665-A745-8FE351560C7E}.Release|Any CPU.ActiveCfg = Release|Any CPU
	EndGlobalSection
	GlobalSection(SolutionProperties) = preSolution
		HideSolutionNode = FALSE
	EndGlobalSection
	GlobalSection(ExtensibilityGlobals) = postSolution
		SolutionGuid = {9E4EEFCD-B538-4052-AC88-C0686407BE31}
	EndGlobalSection
EndGlobal
