
Microsoft Visual Studio Solution File, Format Version 12.00
# Visual Studio 15
VisualStudioVersion = 15.0.28010.2046
MinimumVisualStudioVersion = 10.0.40219.1
Project("{888888A0-9F3D-457C-B088-3A5042F75D52}") = "Zadanie 8", "Zadanie 8\Zadanie 8.pyproj", "{06A992FC-CB35-4113-AB1D-A205046F4002}"
EndProject
Global
	GlobalSection(SolutionConfigurationPlatforms) = preSolution
		Debug|Any CPU = Debug|Any CPU
		Release|Any CPU = Release|Any CPU
	EndGlobalSection
	GlobalSection(ProjectConfigurationPlatforms) = postSolution
		{06A992FC-CB35-4113-AB1D-A205046F4002}.Debug|Any CPU.ActiveCfg = Debug|Any CPU
		{06A992FC-CB35-4113-AB1D-A205046F4002}.Release|Any CPU.ActiveCfg = Release|Any CPU
	EndGlobalSection
	GlobalSection(SolutionProperties) = preSolution
		HideSolutionNode = FALSE
	EndGlobalSection
	GlobalSection(ExtensibilityGlobals) = postSolution
		SolutionGuid = {10C5D0F0-4CAE-416A-91B5-AEEC71F170C3}
	EndGlobalSection
EndGlobal
