
Microsoft Visual Studio Solution File, Format Version 12.00
# Visual Studio Version 16
VisualStudioVersion = 16.0.29905.134
MinimumVisualStudioVersion = 10.0.40219.1
Project("{888888A0-9F3D-457C-B088-3A5042F75D52}") = "Lab7.Zad3", "Lab7.Zad3\Lab7.Zad3.pyproj", "{478ED736-7F08-4DF6-8B5F-001BC5780648}"
EndProject
Global
	GlobalSection(SolutionConfigurationPlatforms) = preSolution
		Debug|Any CPU = Debug|Any CPU
		Release|Any CPU = Release|Any CPU
	EndGlobalSection
	GlobalSection(ProjectConfigurationPlatforms) = postSolution
		{478ED736-7F08-4DF6-8B5F-001BC5780648}.Debug|Any CPU.ActiveCfg = Debug|Any CPU
		{478ED736-7F08-4DF6-8B5F-001BC5780648}.Release|Any CPU.ActiveCfg = Release|Any CPU
	EndGlobalSection
	GlobalSection(SolutionProperties) = preSolution
		HideSolutionNode = FALSE
	EndGlobalSection
	GlobalSection(ExtensibilityGlobals) = postSolution
		SolutionGuid = {1723D9AA-3348-4167-A66D-DBBC8C4EE64F}
	EndGlobalSection
EndGlobal
