
Microsoft Visual Studio Solution File, Format Version 12.00
# Visual Studio 15
VisualStudioVersion = 15.0.28010.2046
MinimumVisualStudioVersion = 10.0.40219.1
Project("{888888A0-9F3D-457C-B088-3A5042F75D52}") = "Zadanie 3", "Zadanie 3\Zadanie 3.pyproj", "{65E7168D-531F-4684-A6A0-349AF817DFE4}"
EndProject
Global
	GlobalSection(SolutionConfigurationPlatforms) = preSolution
		Debug|Any CPU = Debug|Any CPU
		Release|Any CPU = Release|Any CPU
	EndGlobalSection
	GlobalSection(ProjectConfigurationPlatforms) = postSolution
		{65E7168D-531F-4684-A6A0-349AF817DFE4}.Debug|Any CPU.ActiveCfg = Debug|Any CPU
		{65E7168D-531F-4684-A6A0-349AF817DFE4}.Release|Any CPU.ActiveCfg = Release|Any CPU
	EndGlobalSection
	GlobalSection(SolutionProperties) = preSolution
		HideSolutionNode = FALSE
	EndGlobalSection
	GlobalSection(ExtensibilityGlobals) = postSolution
		SolutionGuid = {44E5BB98-307F-467E-9A83-848B31A8AD65}
	EndGlobalSection
EndGlobal
